{
  "name": "server",
  "lockfileVersion": 2,
  "requires": true,
  "packages": {
    "": {
      "dependencies": {
        "@mcaptcha/vanilla-glue": "^0.1.0-alpha-1"
      }
    },
    "node_modules/@mcaptcha/core-glue": {
      "version": "0.1.0-alpha-3",
      "resolved": "https://registry.npmjs.org/@mcaptcha/core-glue/-/core-glue-0.1.0-alpha-3.tgz",
      "integrity": "sha512-avphBVgf3PPDWuUoDsB2qiXAss2pc00lUILswJaMQofr8FQyflzkhha8H2Z+qGFiX0Iib/yyP2TOtBDbHqE9Tg==",
      "funding": [
        {
          "type": "individual",
          "url": "http://mcaptcha.org/donate"
        },
        {
          "type": "liberapay",
          "url": "https://liberapay.com/mcaptcha"
        },
        {
          "type": "individual",
          "url": "http://batsense.net/donate"
        },
        {
          "type": "liberapay",
          "url": "https://liberapay.com/realaravinth"
        }
      ]
    },
    "node_modules/@mcaptcha/vanilla-glue": {
      "version": "0.1.0-alpha-1",
      "resolved": "https://registry.npmjs.org/@mcaptcha/vanilla-glue/-/vanilla-glue-0.1.0-alpha-1.tgz",
      "integrity": "sha512-GHPjUpqdgk9DquGnGYGDQertcwMENKUc4yr/Q3M7WzL6rPBs6JMCVdDHV22RGTxk3xBM19fGuDQ8GOyNauQ3hg==",
      "funding": [
        {
          "type": "individual",
          "url": "http://mcaptcha.org/donate"
        },
        {
          "type": "liberapay",
          "url": "https://liberapay.com/mcaptcha"
        },
        {
          "type": "individual",
          "url": "http://batsense.net/donate"
        },
        {
          "type": "liberapay",
          "url": "https://liberapay.com/realaravinth"
        }
      ],
      "dependencies": {
        "@mcaptcha/core-glue": "^0.1.0-alpha-3"
      }
    }
  },
  "dependencies": {
    "@mcaptcha/core-glue": {
      "version": "0.1.0-alpha-3",
      "resolved": "https://registry.npmjs.org/@mcaptcha/core-glue/-/core-glue-0.1.0-alpha-3.tgz",
      "integrity": "sha512-avphBVgf3PPDWuUoDsB2qiXAss2pc00lUILswJaMQofr8FQyflzkhha8H2Z+qGFiX0Iib/yyP2TOtBDbHqE9Tg=="
    },
    "@mcaptcha/vanilla-glue": {
      "version": "0.1.0-alpha-1",
      "resolved": "https://registry.npmjs.org/@mcaptcha/vanilla-glue/-/vanilla-glue-0.1.0-alpha-1.tgz",
      "integrity": "sha512-GHPjUpqdgk9DquGnGYGDQertcwMENKUc4yr/Q3M7WzL6rPBs6JMCVdDHV22RGTxk3xBM19fGuDQ8GOyNauQ3hg==",
      "requires": {
        "@mcaptcha/core-glue": "^0.1.0-alpha-3"
      }
    }
  }
}
